
Microsoft Visual Studio Solution File, Format Version 12.00
# Visual Studio Version 16
VisualStudioVersion = 16.0.29728.190
MinimumVisualStudioVersion = 10.0.40219.1
Project("{FAE04EC0-301F-11D3-BF4B-00C04F79EFBC}") = "Hello Dungeon", "Hello Dungeon\Hello Dungeon.csproj", "{C1756671-007B-44FD-9D33-0209BBA5C84D}"
EndProject
Global
	GlobalSection(SolutionConfigurationPlatforms) = preSolution
		Debug|Any CPU = Debug|Any CPU
		Release|Any CPU = Release|Any CPU
	EndGlobalSection
	GlobalSection(ProjectConfigurationPlatforms) = postSolution
		{C1756671-007B-44FD-9D33-0209BBA5C84D}.Debug|Any CPU.ActiveCfg = Debug|Any CPU
		{C1756671-007B-44FD-9D33-0209BBA5C84D}.Debug|Any CPU.Build.0 = Debug|Any CPU
		{C1756671-007B-44FD-9D33-0209BBA5C84D}.Release|Any CPU.ActiveCfg = Release|Any CPU
		{C1756671-007B-44FD-9D33-0209BBA5C84D}.Release|Any CPU.Build.0 = Release|Any CPU
	EndGlobalSection
	GlobalSection(SolutionProperties) = preSolution
		HideSolutionNode = FALSE
	EndGlobalSection
	GlobalSection(ExtensibilityGlobals) = postSolution
		SolutionGuid = {4C920FC7-7D36-4633-A122-9B0C84A05DEF}
	EndGlobalSection
EndGlobal
